
Microsoft Visual Studio Solution File, Format Version 12.00
# Visual Studio 15
VisualStudioVersion = 15.0.26403.7
MinimumVisualStudioVersion = 10.0.40219.1
Project("{8BC9CEB8-8B4A-11D0-8D11-00A0C91BC942}") = "TownShip", "TownShip\TownShip.vcxproj", "{631E236D-E3BB-4E99-8288-9C4560CCB32C}"
EndProject
Project("{FAE04EC0-301F-11D3-BF4B-00C04F79EFBC}") = "TownShip Form", "TownShip Form\TownShip Form.csproj", "{4FA5CFA9-1092-4765-97B5-F20FCDBB8C63}"
EndProject
Project("{FAE04EC0-301F-11D3-BF4B-00C04F79EFBC}") = "TownShip Form.Tests", "TownShip Form.Tests\TownShip Form.Tests.csproj", "{30269698-A7FA-48E9-ADFF-81578DFBA781}"
EndProject
Global
	GlobalSection(SolutionConfigurationPlatforms) = preSolution
		Debug|Any CPU = Debug|Any CPU
		Debug|x64 = Debug|x64
		Debug|x86 = Debug|x86
		Release|Any CPU = Release|Any CPU
		Release|x64 = Release|x64
		Release|x86 = Release|x86
	EndGlobalSection
	GlobalSection(ProjectConfigurationPlatforms) = postSolution
		{631E236D-E3BB-4E99-8288-9C4560CCB32C}.Debug|Any CPU.ActiveCfg = Debug|Win32
		{631E236D-E3BB-4E99-8288-9C4560CCB32C}.Debug|x64.ActiveCfg = Debug|x64
		{631E236D-E3BB-4E99-8288-9C4560CCB32C}.Debug|x64.Build.0 = Debug|x64
		{631E236D-E3BB-4E99-8288-9C4560CCB32C}.Debug|x86.ActiveCfg = Debug|Win32
		{631E236D-E3BB-4E99-8288-9C4560CCB32C}.Debug|x86.Build.0 = Debug|Win32
		{631E236D-E3BB-4E99-8288-9C4560CCB32C}.Release|Any CPU.ActiveCfg = Release|Win32
		{631E236D-E3BB-4E99-8288-9C4560CCB32C}.Release|x64.ActiveCfg = Release|x64
		{631E236D-E3BB-4E99-8288-9C4560CCB32C}.Release|x64.Build.0 = Release|x64
		{631E236D-E3BB-4E99-8288-9C4560CCB32C}.Release|x86.ActiveCfg = Release|Win32
		{631E236D-E3BB-4E99-8288-9C4560CCB32C}.Release|x86.Build.0 = Release|Win32
		{4FA5CFA9-1092-4765-97B5-F20FCDBB8C63}.Debug|Any CPU.ActiveCfg = Debug|Any CPU
		{4FA5CFA9-1092-4765-97B5-F20FCDBB8C63}.Debug|Any CPU.Build.0 = Debug|Any CPU
		{4FA5CFA9-1092-4765-97B5-F20FCDBB8C63}.Debug|x64.ActiveCfg = Debug|Any CPU
		{4FA5CFA9-1092-4765-97B5-F20FCDBB8C63}.Debug|x64.Build.0 = Debug|Any CPU
		{4FA5CFA9-1092-4765-97B5-F20FCDBB8C63}.Debug|x86.ActiveCfg = Debug|Any CPU
		{4FA5CFA9-1092-4765-97B5-F20FCDBB8C63}.Debug|x86.Build.0 = Debug|Any CPU
		{4FA5CFA9-1092-4765-97B5-F20FCDBB8C63}.Release|Any CPU.ActiveCfg = Release|Any CPU
		{4FA5CFA9-1092-4765-97B5-F20FCDBB8C63}.Release|Any CPU.Build.0 = Release|Any CPU
		{4FA5CFA9-1092-4765-97B5-F20FCDBB8C63}.Release|x64.ActiveCfg = Release|Any CPU
		{4FA5CFA9-1092-4765-97B5-F20FCDBB8C63}.Release|x64.Build.0 = Release|Any CPU
		{4FA5CFA9-1092-4765-97B5-F20FCDBB8C63}.Release|x86.ActiveCfg = Release|Any CPU
		{4FA5CFA9-1092-4765-97B5-F20FCDBB8C63}.Release|x86.Build.0 = Release|Any CPU
		{30269698-A7FA-48E9-ADFF-81578DFBA781}.Debug|Any CPU.ActiveCfg = Debug|Any CPU
		{30269698-A7FA-48E9-ADFF-81578DFBA781}.Debug|Any CPU.Build.0 = Debug|Any CPU
		{30269698-A7FA-48E9-ADFF-81578DFBA781}.Debug|x64.ActiveCfg = Debug|Any CPU
		{30269698-A7FA-48E9-ADFF-81578DFBA781}.Debug|x64.Build.0 = Debug|Any CPU
		{30269698-A7FA-48E9-ADFF-81578DFBA781}.Debug|x86.ActiveCfg = Debug|Any CPU
		{30269698-A7FA-48E9-ADFF-81578DFBA781}.Debug|x86.Build.0 = Debug|Any CPU
		{30269698-A7FA-48E9-ADFF-81578DFBA781}.Release|Any CPU.ActiveCfg = Release|Any CPU
		{30269698-A7FA-48E9-ADFF-81578DFBA781}.Release|Any CPU.Build.0 = Release|Any CPU
		{30269698-A7FA-48E9-ADFF-81578DFBA781}.Release|x64.ActiveCfg = Release|Any CPU
		{30269698-A7FA-48E9-ADFF-81578DFBA781}.Release|x64.Build.0 = Release|Any CPU
		{30269698-A7FA-48E9-ADFF-81578DFBA781}.Release|x86.ActiveCfg = Release|Any CPU
		{30269698-A7FA-48E9-ADFF-81578DFBA781}.Release|x86.Build.0 = Release|Any CPU
	EndGlobalSection
	GlobalSection(SolutionProperties) = preSolution
		HideSolutionNode = FALSE
	EndGlobalSection
	GlobalSection(ExtensibilityGlobals) = postSolution
		SolutionGuid = {0DBC8BC5-AD9F-4CD0-BE44-7F1A291E6168}
	EndGlobalSection
EndGlobal
